schema: '2.0'
stages:
  data_ingestion:
    cmd: python src/data/data_ingestion.py
    deps:
    - path: src/data/data_ingestion.py
      hash: md5
      md5: 2ecbb42c759ac38557f765e3e6052cb1
      size: 4224
    params:
      params.yaml:
        data_ingestion.test_size: 0.25
    outs:
    - path: data/raw
      hash: md5
      md5: 661f9e98e322fdbd4e565be133b8a748.dir
      size: 6882906
      nfiles: 2
  data_preprocessing:
    cmd: python src/data/data_preprocessing.py
    deps:
    - path: data/raw/test.csv
      hash: md5
      md5: 7bcce30bf2a1cb8266436615cd99626e
      size: 1671731
    - path: data/raw/train.csv
      hash: md5
      md5: 9b68c84a82a9223b7605d7b5b5393ca4
      size: 5211175
    - path: src/data/data_preprocessing.py
      hash: md5
      md5: ab3471e73b63bb3ea39dde94d8af209f
      size: 3713
    outs:
    - path: data/interim
      hash: md5
      md5: 3b131d597cf99cc074eab4638ea26eb4.dir
      size: 5098055
      nfiles: 2
  model_building:
    cmd: python src/models/model_building.py
    deps:
    - path: data/interim/train_processed.csv
      hash: md5
      md5: 93048fefdfb15643899972fbc0631795
      size: 3858687
    - path: src/models/model_building.py
      hash: md5
      md5: fd2e5a501601116a3bf8d2b8a59853ff
      size: 5473
    params:
      params.yaml:
        model_building.learning_rate: 0.08
        model_building.max_depth: 20
        model_building.max_features: 10000
        model_building.n_estimators: 367
        model_building.ngram_range:
        - 1
        - 3
    outs:
    - path: lgbm_model.pkl
      hash: md5
      md5: e82e9fa7aba70aa8b608b6073d4c5ca3
      size: 4106014
    - path: tfidf_vectorizer.pkl
      hash: md5
      md5: db10aa58cdecaefcdc7fc67eb95807c3
      size: 384012
  model_evaluation:
    cmd: python src/models/model_evaluation.py
    deps:
    - path: data/interim/test_processed.csv
      hash: md5
      md5: d2471212889c93634224a9038ca3a203
      size: 1239368
    - path: data/interim/train_processed.csv
      hash: md5
      md5: 93048fefdfb15643899972fbc0631795
      size: 3858687
    - path: lgbm_model.pkl
      hash: md5
      md5: e82e9fa7aba70aa8b608b6073d4c5ca3
      size: 4106014
    - path: src/models/model_evaluation.py
      hash: md5
      md5: ea384a0d09fa77b1910b0c1e0a362465
      size: 6544
    - path: tfidf_vectorizer.pkl
      hash: md5
      md5: db10aa58cdecaefcdc7fc67eb95807c3
      size: 384012
    outs:
    - path: experiment_info.json
      hash: md5
      md5: 868e5a76de832707e62ed36811cfe18c
      size: 90
  model_registration:
    cmd: python src/models/register_model.py
    deps:
    - path: experiment_info.json
      hash: md5
      md5: 868e5a76de832707e62ed36811cfe18c
      size: 90
    - path: src/models/register_model.py
      hash: md5
      md5: c56c5a2bc5ef5bf31856ac8db1909bab
      size: 2469
